
Microsoft Visual Studio Solution File, Format Version 12.00
# Visual Studio 2013
VisualStudioVersion = 12.0.31101.0
MinimumVisualStudioVersion = 10.0.40219.1
Project("{FAE04EC0-301F-11D3-BF4B-00C04F79EFBC}") = "SignalR2Service", "SignalR2Service\SignalR2Service.csproj", "{9D04A655-60B7-47C3-8C2B-1109F5027AFC}"
EndProject
Project("{FAE04EC0-301F-11D3-BF4B-00C04F79EFBC}") = "SignalRWeb", "SignalRWeb\SignalRWeb.csproj", "{40235267-5E11-498E-894C-5D83C1893B38}"
EndProject
Global
	GlobalSection(SolutionConfigurationPlatforms) = preSolution
		Debug|Any CPU = Debug|Any CPU
		Release|Any CPU = Release|Any CPU
	EndGlobalSection
	GlobalSection(ProjectConfigurationPlatforms) = postSolution
		{9D04A655-60B7-47C3-8C2B-1109F5027AFC}.Debug|Any CPU.ActiveCfg = Debug|Any CPU
		{9D04A655-60B7-47C3-8C2B-1109F5027AFC}.Debug|Any CPU.Build.0 = Debug|Any CPU
		{9D04A655-60B7-47C3-8C2B-1109F5027AFC}.Release|Any CPU.ActiveCfg = Release|Any CPU
		{9D04A655-60B7-47C3-8C2B-1109F5027AFC}.Release|Any CPU.Build.0 = Release|Any CPU
		{40235267-5E11-498E-894C-5D83C1893B38}.Debug|Any CPU.ActiveCfg = Debug|Any CPU
		{40235267-5E11-498E-894C-5D83C1893B38}.Debug|Any CPU.Build.0 = Debug|Any CPU
		{40235267-5E11-498E-894C-5D83C1893B38}.Release|Any CPU.ActiveCfg = Release|Any CPU
		{40235267-5E11-498E-894C-5D83C1893B38}.Release|Any CPU.Build.0 = Release|Any CPU
	EndGlobalSection
	GlobalSection(SolutionProperties) = preSolution
		HideSolutionNode = FALSE
	EndGlobalSection
EndGlobal
